
Microsoft Visual Studio Solution File, Format Version 12.00
# Visual Studio Version 16
VisualStudioVersion = 16.0.29911.84
MinimumVisualStudioVersion = 10.0.40219.1
Project("{FAE04EC0-301F-11D3-BF4B-00C04F79EFBC}") = "Lab2 Fmiranda", "Lab2 Fmiranda\Lab2 Fmiranda.csproj", "{B4A7262F-5FED-4AEA-8E9D-FA5CF1DBDD18}"
EndProject
Global
	GlobalSection(SolutionConfigurationPlatforms) = preSolution
		Debug|Any CPU = Debug|Any CPU
		Release|Any CPU = Release|Any CPU
	EndGlobalSection
	GlobalSection(ProjectConfigurationPlatforms) = postSolution
		{B4A7262F-5FED-4AEA-8E9D-FA5CF1DBDD18}.Debug|Any CPU.ActiveCfg = Debug|Any CPU
		{B4A7262F-5FED-4AEA-8E9D-FA5CF1DBDD18}.Debug|Any CPU.Build.0 = Debug|Any CPU
		{B4A7262F-5FED-4AEA-8E9D-FA5CF1DBDD18}.Release|Any CPU.ActiveCfg = Release|Any CPU
		{B4A7262F-5FED-4AEA-8E9D-FA5CF1DBDD18}.Release|Any CPU.Build.0 = Release|Any CPU
	EndGlobalSection
	GlobalSection(SolutionProperties) = preSolution
		HideSolutionNode = FALSE
	EndGlobalSection
	GlobalSection(ExtensibilityGlobals) = postSolution
		SolutionGuid = {954FCB34-C590-4EF2-8EC2-09D233E305E8}
	EndGlobalSection
EndGlobal
